
Microsoft Visual Studio Solution File, Format Version 12.00
# Visual Studio 2012
Project("{FAE04EC0-301F-11D3-BF4B-00C04F79EFBC}") = "RadioDemo", "RadioDemo\RadioDemo.csproj", "{C8F53BBE-91C6-41E5-B1A2-17258743FF31}"
EndProject
Global
	GlobalSection(SolutionConfigurationPlatforms) = preSolution
		Debug|Any CPU = Debug|Any CPU
		Release|Any CPU = Release|Any CPU
	EndGlobalSection
	GlobalSection(ProjectConfigurationPlatforms) = postSolution
		{C8F53BBE-91C6-41E5-B1A2-17258743FF31}.Debug|Any CPU.ActiveCfg = Debug|Any CPU
		{C8F53BBE-91C6-41E5-B1A2-17258743FF31}.Debug|Any CPU.Build.0 = Debug|Any CPU
		{C8F53BBE-91C6-41E5-B1A2-17258743FF31}.Release|Any CPU.ActiveCfg = Release|Any CPU
		{C8F53BBE-91C6-41E5-B1A2-17258743FF31}.Release|Any CPU.Build.0 = Release|Any CPU
	EndGlobalSection
EndGlobal
